
Microsoft Visual Studio Solution File, Format Version 12.00
# Visual Studio Version 17
VisualStudioVersion = 17.14.36414.22 d17.14
MinimumVisualStudioVersion = 10.0.40219.1
Project("{FAE04EC0-301F-11D3-BF4B-00C04F79EFBC}") = "OxyPlotCustomProject", "OxyPlotCustomProject\OxyPlotCustomProject.csproj", "{12A82B6C-0D1C-4B18-8775-2E35D2783701}"
EndProject
Global
	GlobalSection(SolutionConfigurationPlatforms) = preSolution
		Debug|Any CPU = Debug|Any CPU
		Release|Any CPU = Release|Any CPU
	EndGlobalSection
	GlobalSection(ProjectConfigurationPlatforms) = postSolution
		{12A82B6C-0D1C-4B18-8775-2E35D2783701}.Debug|Any CPU.ActiveCfg = Debug|Any CPU
		{12A82B6C-0D1C-4B18-8775-2E35D2783701}.Debug|Any CPU.Build.0 = Debug|Any CPU
		{12A82B6C-0D1C-4B18-8775-2E35D2783701}.Release|Any CPU.ActiveCfg = Release|Any CPU
		{12A82B6C-0D1C-4B18-8775-2E35D2783701}.Release|Any CPU.Build.0 = Release|Any CPU
	EndGlobalSection
	GlobalSection(SolutionProperties) = preSolution
		HideSolutionNode = FALSE
	EndGlobalSection
	GlobalSection(ExtensibilityGlobals) = postSolution
		SolutionGuid = {FDAACB50-1FDD-4ABE-ACDB-488519CC1D7F}
	EndGlobalSection
EndGlobal
